
Microsoft Visual Studio Solution File, Format Version 12.00
# Visual Studio Version 17
VisualStudioVersion = 17.11.35222.181
MinimumVisualStudioVersion = 10.0.40219.1
Project("{2150E333-8FDC-42A3-9474-1A3956D46DE8}") = "Creational", "Creational", "{FD40DFD5-CB9F-4DCE-AC7F-7E2A3F0084AB}"
EndProject
Project("{9A19103F-16F7-4668-BE54-9A1E7A4F7556}") = "FactoryMethod", "Creational\FactoryMethod\FactoryMethod.csproj", "{E3210FA4-837A-4722-8BAC-4037B5711DF0}"
EndProject
Project("{9A19103F-16F7-4668-BE54-9A1E7A4F7556}") = "AbstractFactory", "Creational\AbstractFactory\AbstractFactory.csproj", "{B071764E-65E7-47FD-8833-DF00961976A7}"
EndProject
Project("{9A19103F-16F7-4668-BE54-9A1E7A4F7556}") = "Builder", "Creational\Builder\Builder.csproj", "{4BB55897-073A-4527-B478-20B1AF5AD281}"
EndProject
Project("{9A19103F-16F7-4668-BE54-9A1E7A4F7556}") = "Prototype", "Creational\Prototype\Prototype.csproj", "{1AEBB603-C680-4E63-9919-58948DAECEF2}"
EndProject
Project("{9A19103F-16F7-4668-BE54-9A1E7A4F7556}") = "Singleton", "Creational\Singleton\Singleton.csproj", "{FE97C267-A435-4673-A524-F60F477D4D07}"
EndProject
Project("{9A19103F-16F7-4668-BE54-9A1E7A4F7556}") = "Adapter", "Structural\Adapter\Adapter.csproj", "{4986CB7F-DF34-49BC-BA6A-9850D7679E19}"
EndProject
Project("{2150E333-8FDC-42A3-9474-1A3956D46DE8}") = "Structural", "Structural", "{A7981D9E-1A49-43A4-8B4B-9E56A2F6347B}"
EndProject
Project("{9A19103F-16F7-4668-BE54-9A1E7A4F7556}") = "Bridge", "Structural\Bridge\Bridge.csproj", "{53D25A5E-49EE-4589-9B3D-37460371945F}"
EndProject
Project("{9A19103F-16F7-4668-BE54-9A1E7A4F7556}") = "Composite", "Structural\Composite\Composite.csproj", "{A75EA32F-A71F-46E9-92AC-417BCDBCC778}"
EndProject
Project("{9A19103F-16F7-4668-BE54-9A1E7A4F7556}") = "Decorator", "Structural\Decorator\Decorator.csproj", "{8C528BFF-D439-4C0B-BF36-79A056FB9A5B}"
EndProject
Project("{9A19103F-16F7-4668-BE54-9A1E7A4F7556}") = "Facade", "Structural\Facade\Facade.csproj", "{4C4BD499-D63A-469D-BE45-68067D956DFB}"
EndProject
Project("{9A19103F-16F7-4668-BE54-9A1E7A4F7556}") = "Flyweight", "Structural\Flyweight\Flyweight.csproj", "{F8B089D8-58B7-4786-A455-8E5493FA8182}"
EndProject
Project("{9A19103F-16F7-4668-BE54-9A1E7A4F7556}") = "Proxy", "Structural\Proxy\Proxy.csproj", "{19401A04-5C08-459D-B29C-CC5B0D56CAFE}"
EndProject
Project("{2150E333-8FDC-42A3-9474-1A3956D46DE8}") = "Behavioral", "Behavioral", "{8743190E-CB24-4013-8C6A-0633B7FE3C38}"
EndProject
Project("{9A19103F-16F7-4668-BE54-9A1E7A4F7556}") = "Command", "Behavioral\Command\Command.csproj", "{FEB94B40-D21E-4984-BD4E-29DF019C95DB}"
EndProject
Project("{9A19103F-16F7-4668-BE54-9A1E7A4F7556}") = "ChainOfResponsibility", "Behavioral\ChainOfResponsibility\ChainOfResponsibility.csproj", "{3B4384B1-70BC-4AEF-9C42-2319DE6F83B3}"
EndProject
Project("{9A19103F-16F7-4668-BE54-9A1E7A4F7556}") = "Iterator", "Behavioral\Iterator\Iterator.csproj", "{C438DCE8-E03A-4C24-888B-D7B5732FDF75}"
EndProject
Project("{FAE04EC0-301F-11D3-BF4B-00C04F79EFBC}") = "Mediator", "Behavioral\Mediator\Mediator.csproj", "{87687632-9BDA-424B-8D01-846601ED9B7E}"
EndProject
Project("{FAE04EC0-301F-11D3-BF4B-00C04F79EFBC}") = "Memento", "Behavioral\Memento\Memento.csproj", "{DDCA1894-3365-410E-B8B5-831337862C4D}"
EndProject
Project("{FAE04EC0-301F-11D3-BF4B-00C04F79EFBC}") = "Observer", "Behavioral\Observer\Observer.csproj", "{E7897334-06AE-450F-9F88-85325B19E9D4}"
EndProject
Project("{FAE04EC0-301F-11D3-BF4B-00C04F79EFBC}") = "State", "Behavioral\State\State.csproj", "{110708CA-8DB7-48B7-89DD-C882B3EB2C9A}"
EndProject
Global
	GlobalSection(SolutionConfigurationPlatforms) = preSolution
		Debug|Any CPU = Debug|Any CPU
		Release|Any CPU = Release|Any CPU
	EndGlobalSection
	GlobalSection(ProjectConfigurationPlatforms) = postSolution
		{E3210FA4-837A-4722-8BAC-4037B5711DF0}.Debug|Any CPU.ActiveCfg = Debug|Any CPU
		{E3210FA4-837A-4722-8BAC-4037B5711DF0}.Debug|Any CPU.Build.0 = Debug|Any CPU
		{E3210FA4-837A-4722-8BAC-4037B5711DF0}.Release|Any CPU.ActiveCfg = Release|Any CPU
		{E3210FA4-837A-4722-8BAC-4037B5711DF0}.Release|Any CPU.Build.0 = Release|Any CPU
		{B071764E-65E7-47FD-8833-DF00961976A7}.Debug|Any CPU.ActiveCfg = Debug|Any CPU
		{B071764E-65E7-47FD-8833-DF00961976A7}.Debug|Any CPU.Build.0 = Debug|Any CPU
		{B071764E-65E7-47FD-8833-DF00961976A7}.Release|Any CPU.ActiveCfg = Release|Any CPU
		{B071764E-65E7-47FD-8833-DF00961976A7}.Release|Any CPU.Build.0 = Release|Any CPU
		{4BB55897-073A-4527-B478-20B1AF5AD281}.Debug|Any CPU.ActiveCfg = Debug|Any CPU
		{4BB55897-073A-4527-B478-20B1AF5AD281}.Debug|Any CPU.Build.0 = Debug|Any CPU
		{4BB55897-073A-4527-B478-20B1AF5AD281}.Release|Any CPU.ActiveCfg = Release|Any CPU
		{4BB55897-073A-4527-B478-20B1AF5AD281}.Release|Any CPU.Build.0 = Release|Any CPU
		{1AEBB603-C680-4E63-9919-58948DAECEF2}.Debug|Any CPU.ActiveCfg = Debug|Any CPU
		{1AEBB603-C680-4E63-9919-58948DAECEF2}.Debug|Any CPU.Build.0 = Debug|Any CPU
		{1AEBB603-C680-4E63-9919-58948DAECEF2}.Release|Any CPU.ActiveCfg = Release|Any CPU
		{1AEBB603-C680-4E63-9919-58948DAECEF2}.Release|Any CPU.Build.0 = Release|Any CPU
		{FE97C267-A435-4673-A524-F60F477D4D07}.Debug|Any CPU.ActiveCfg = Debug|Any CPU
		{FE97C267-A435-4673-A524-F60F477D4D07}.Debug|Any CPU.Build.0 = Debug|Any CPU
		{FE97C267-A435-4673-A524-F60F477D4D07}.Release|Any CPU.ActiveCfg = Release|Any CPU
		{FE97C267-A435-4673-A524-F60F477D4D07}.Release|Any CPU.Build.0 = Release|Any CPU
		{4986CB7F-DF34-49BC-BA6A-9850D7679E19}.Debug|Any CPU.ActiveCfg = Debug|Any CPU
		{4986CB7F-DF34-49BC-BA6A-9850D7679E19}.Debug|Any CPU.Build.0 = Debug|Any CPU
		{4986CB7F-DF34-49BC-BA6A-9850D7679E19}.Release|Any CPU.ActiveCfg = Release|Any CPU
		{4986CB7F-DF34-49BC-BA6A-9850D7679E19}.Release|Any CPU.Build.0 = Release|Any CPU
		{53D25A5E-49EE-4589-9B3D-37460371945F}.Debug|Any CPU.ActiveCfg = Debug|Any CPU
		{53D25A5E-49EE-4589-9B3D-37460371945F}.Debug|Any CPU.Build.0 = Debug|Any CPU
		{53D25A5E-49EE-4589-9B3D-37460371945F}.Release|Any CPU.ActiveCfg = Release|Any CPU
		{53D25A5E-49EE-4589-9B3D-37460371945F}.Release|Any CPU.Build.0 = Release|Any CPU
		{A75EA32F-A71F-46E9-92AC-417BCDBCC778}.Debug|Any CPU.ActiveCfg = Debug|Any CPU
		{A75EA32F-A71F-46E9-92AC-417BCDBCC778}.Debug|Any CPU.Build.0 = Debug|Any CPU
		{A75EA32F-A71F-46E9-92AC-417BCDBCC778}.Release|Any CPU.ActiveCfg = Release|Any CPU
		{A75EA32F-A71F-46E9-92AC-417BCDBCC778}.Release|Any CPU.Build.0 = Release|Any CPU
		{8C528BFF-D439-4C0B-BF36-79A056FB9A5B}.Debug|Any CPU.ActiveCfg = Debug|Any CPU
		{8C528BFF-D439-4C0B-BF36-79A056FB9A5B}.Debug|Any CPU.Build.0 = Debug|Any CPU
		{8C528BFF-D439-4C0B-BF36-79A056FB9A5B}.Release|Any CPU.ActiveCfg = Release|Any CPU
		{8C528BFF-D439-4C0B-BF36-79A056FB9A5B}.Release|Any CPU.Build.0 = Release|Any CPU
		{4C4BD499-D63A-469D-BE45-68067D956DFB}.Debug|Any CPU.ActiveCfg = Debug|Any CPU
		{4C4BD499-D63A-469D-BE45-68067D956DFB}.Debug|Any CPU.Build.0 = Debug|Any CPU
		{4C4BD499-D63A-469D-BE45-68067D956DFB}.Release|Any CPU.ActiveCfg = Release|Any CPU
		{4C4BD499-D63A-469D-BE45-68067D956DFB}.Release|Any CPU.Build.0 = Release|Any CPU
		{F8B089D8-58B7-4786-A455-8E5493FA8182}.Debug|Any CPU.ActiveCfg = Debug|Any CPU
		{F8B089D8-58B7-4786-A455-8E5493FA8182}.Debug|Any CPU.Build.0 = Debug|Any CPU
		{F8B089D8-58B7-4786-A455-8E5493FA8182}.Release|Any CPU.ActiveCfg = Release|Any CPU
		{F8B089D8-58B7-4786-A455-8E5493FA8182}.Release|Any CPU.Build.0 = Release|Any CPU
		{19401A04-5C08-459D-B29C-CC5B0D56CAFE}.Debug|Any CPU.ActiveCfg = Debug|Any CPU
		{19401A04-5C08-459D-B29C-CC5B0D56CAFE}.Debug|Any CPU.Build.0 = Debug|Any CPU
		{19401A04-5C08-459D-B29C-CC5B0D56CAFE}.Release|Any CPU.ActiveCfg = Release|Any CPU
		{19401A04-5C08-459D-B29C-CC5B0D56CAFE}.Release|Any CPU.Build.0 = Release|Any CPU
		{FEB94B40-D21E-4984-BD4E-29DF019C95DB}.Debug|Any CPU.ActiveCfg = Debug|Any CPU
		{FEB94B40-D21E-4984-BD4E-29DF019C95DB}.Debug|Any CPU.Build.0 = Debug|Any CPU
		{FEB94B40-D21E-4984-BD4E-29DF019C95DB}.Release|Any CPU.ActiveCfg = Release|Any CPU
		{FEB94B40-D21E-4984-BD4E-29DF019C95DB}.Release|Any CPU.Build.0 = Release|Any CPU
		{3B4384B1-70BC-4AEF-9C42-2319DE6F83B3}.Debug|Any CPU.ActiveCfg = Debug|Any CPU
		{3B4384B1-70BC-4AEF-9C42-2319DE6F83B3}.Debug|Any CPU.Build.0 = Debug|Any CPU
		{3B4384B1-70BC-4AEF-9C42-2319DE6F83B3}.Release|Any CPU.ActiveCfg = Release|Any CPU
		{3B4384B1-70BC-4AEF-9C42-2319DE6F83B3}.Release|Any CPU.Build.0 = Release|Any CPU
		{C438DCE8-E03A-4C24-888B-D7B5732FDF75}.Debug|Any CPU.ActiveCfg = Debug|Any CPU
		{C438DCE8-E03A-4C24-888B-D7B5732FDF75}.Debug|Any CPU.Build.0 = Debug|Any CPU
		{C438DCE8-E03A-4C24-888B-D7B5732FDF75}.Release|Any CPU.ActiveCfg = Release|Any CPU
		{C438DCE8-E03A-4C24-888B-D7B5732FDF75}.Release|Any CPU.Build.0 = Release|Any CPU
		{87687632-9BDA-424B-8D01-846601ED9B7E}.Debug|Any CPU.ActiveCfg = Debug|Any CPU
		{87687632-9BDA-424B-8D01-846601ED9B7E}.Debug|Any CPU.Build.0 = Debug|Any CPU
		{87687632-9BDA-424B-8D01-846601ED9B7E}.Release|Any CPU.ActiveCfg = Release|Any CPU
		{87687632-9BDA-424B-8D01-846601ED9B7E}.Release|Any CPU.Build.0 = Release|Any CPU
		{DDCA1894-3365-410E-B8B5-831337862C4D}.Debug|Any CPU.ActiveCfg = Debug|Any CPU
		{DDCA1894-3365-410E-B8B5-831337862C4D}.Debug|Any CPU.Build.0 = Debug|Any CPU
		{DDCA1894-3365-410E-B8B5-831337862C4D}.Release|Any CPU.ActiveCfg = Release|Any CPU
		{DDCA1894-3365-410E-B8B5-831337862C4D}.Release|Any CPU.Build.0 = Release|Any CPU
		{E7897334-06AE-450F-9F88-85325B19E9D4}.Debug|Any CPU.ActiveCfg = Debug|Any CPU
		{E7897334-06AE-450F-9F88-85325B19E9D4}.Debug|Any CPU.Build.0 = Debug|Any CPU
		{E7897334-06AE-450F-9F88-85325B19E9D4}.Release|Any CPU.ActiveCfg = Release|Any CPU
		{E7897334-06AE-450F-9F88-85325B19E9D4}.Release|Any CPU.Build.0 = Release|Any CPU
		{110708CA-8DB7-48B7-89DD-C882B3EB2C9A}.Debug|Any CPU.ActiveCfg = Debug|Any CPU
		{110708CA-8DB7-48B7-89DD-C882B3EB2C9A}.Debug|Any CPU.Build.0 = Debug|Any CPU
		{110708CA-8DB7-48B7-89DD-C882B3EB2C9A}.Release|Any CPU.ActiveCfg = Release|Any CPU
		{110708CA-8DB7-48B7-89DD-C882B3EB2C9A}.Release|Any CPU.Build.0 = Release|Any CPU
	EndGlobalSection
	GlobalSection(SolutionProperties) = preSolution
		HideSolutionNode = FALSE
	EndGlobalSection
	GlobalSection(NestedProjects) = preSolution
		{E3210FA4-837A-4722-8BAC-4037B5711DF0} = {FD40DFD5-CB9F-4DCE-AC7F-7E2A3F0084AB}
		{B071764E-65E7-47FD-8833-DF00961976A7} = {FD40DFD5-CB9F-4DCE-AC7F-7E2A3F0084AB}
		{4BB55897-073A-4527-B478-20B1AF5AD281} = {FD40DFD5-CB9F-4DCE-AC7F-7E2A3F0084AB}
		{1AEBB603-C680-4E63-9919-58948DAECEF2} = {FD40DFD5-CB9F-4DCE-AC7F-7E2A3F0084AB}
		{FE97C267-A435-4673-A524-F60F477D4D07} = {FD40DFD5-CB9F-4DCE-AC7F-7E2A3F0084AB}
		{4986CB7F-DF34-49BC-BA6A-9850D7679E19} = {A7981D9E-1A49-43A4-8B4B-9E56A2F6347B}
		{53D25A5E-49EE-4589-9B3D-37460371945F} = {A7981D9E-1A49-43A4-8B4B-9E56A2F6347B}
		{A75EA32F-A71F-46E9-92AC-417BCDBCC778} = {A7981D9E-1A49-43A4-8B4B-9E56A2F6347B}
		{8C528BFF-D439-4C0B-BF36-79A056FB9A5B} = {A7981D9E-1A49-43A4-8B4B-9E56A2F6347B}
		{4C4BD499-D63A-469D-BE45-68067D956DFB} = {A7981D9E-1A49-43A4-8B4B-9E56A2F6347B}
		{F8B089D8-58B7-4786-A455-8E5493FA8182} = {A7981D9E-1A49-43A4-8B4B-9E56A2F6347B}
		{19401A04-5C08-459D-B29C-CC5B0D56CAFE} = {A7981D9E-1A49-43A4-8B4B-9E56A2F6347B}
		{FEB94B40-D21E-4984-BD4E-29DF019C95DB} = {8743190E-CB24-4013-8C6A-0633B7FE3C38}
		{3B4384B1-70BC-4AEF-9C42-2319DE6F83B3} = {8743190E-CB24-4013-8C6A-0633B7FE3C38}
		{C438DCE8-E03A-4C24-888B-D7B5732FDF75} = {8743190E-CB24-4013-8C6A-0633B7FE3C38}
		{87687632-9BDA-424B-8D01-846601ED9B7E} = {8743190E-CB24-4013-8C6A-0633B7FE3C38}
		{DDCA1894-3365-410E-B8B5-831337862C4D} = {8743190E-CB24-4013-8C6A-0633B7FE3C38}
		{E7897334-06AE-450F-9F88-85325B19E9D4} = {8743190E-CB24-4013-8C6A-0633B7FE3C38}
		{110708CA-8DB7-48B7-89DD-C882B3EB2C9A} = {8743190E-CB24-4013-8C6A-0633B7FE3C38}
	EndGlobalSection
	GlobalSection(ExtensibilityGlobals) = postSolution
		SolutionGuid = {A1D729EE-FC7A-45A3-B48C-27E7EC6B794A}
	EndGlobalSection
EndGlobal
